
Microsoft Visual Studio Solution File, Format Version 12.00
Project("{2150E333-8FDC-42A3-9474-1A3956D46DE8}") = "src", "src", "{833E7101-260E-42EF-AD4F-5A868B8DA9AA}"
EndProject
Project("{2150E333-8FDC-42A3-9474-1A3956D46DE8}") = "BuildingBlocks", "BuildingBlocks", "{0B2DF2DB-18A9-47BA-AC58-E21ABC8DAEA3}"
EndProject
Project("{2150E333-8FDC-42A3-9474-1A3956D46DE8}") = "Modules", "Modules", "{345F54A6-A9FA-4604-A205-5A48998E106E}"
EndProject
Project("{2150E333-8FDC-42A3-9474-1A3956D46DE8}") = "Hosts", "Hosts", "{64F33469-7617-406A-905C-4B82AED601A6}"
EndProject
Project("{FAE04EC0-301F-11D3-BF4B-00C04F79EFBC}") = "RookiEcom.Application", "src\BuildingBlocks\RookiEcom.Application\RookiEcom.Application.csproj", "{EBB6E6A4-C20D-4243-826C-498483C4BF89}"
EndProject
Project("{FAE04EC0-301F-11D3-BF4B-00C04F79EFBC}") = "RookiEcom.Domain", "src\BuildingBlocks\RookiEcom.Domain\RookiEcom.Domain.csproj", "{D66544D0-4222-46B0-A622-9C1AF9A987C4}"
EndProject
Project("{FAE04EC0-301F-11D3-BF4B-00C04F79EFBC}") = "RookiEcom.Infrastructure", "src\BuildingBlocks\RookiEcom.Infrastructure\RookiEcom.Infrastructure.csproj", "{46C487BC-8389-4883-94BE-016564166104}"
EndProject
Project("{FAE04EC0-301F-11D3-BF4B-00C04F79EFBC}") = "RookiEcom.WebAPI", "src\Hosts\RookiEcom.WebAPI\RookiEcom.WebAPI.csproj", "{14EEA719-FB7F-4F96-BBF3-C2770E37450A}"
EndProject
Project("{2150E333-8FDC-42A3-9474-1A3956D46DE8}") = "ProductModule", "ProductModule", "{01F286FA-E020-4699-AE85-9CC065BA935A}"
EndProject
Project("{FAE04EC0-301F-11D3-BF4B-00C04F79EFBC}") = "RookiEcom.Modules.Product.Domain", "src\Modules\ProductModule\RookiEcom.Modules.Product.Domain\RookiEcom.Modules.Product.Domain.csproj", "{55B133A9-476E-46F5-9790-D395A06BF911}"
EndProject
Project("{FAE04EC0-301F-11D3-BF4B-00C04F79EFBC}") = "RookiEcom.Modules.Product.Application", "src\Modules\ProductModule\RookiEcom.Modules.Product.Application\RookiEcom.Modules.Product.Application.csproj", "{FE34A00E-4528-4144-9379-47921FE3CDCE}"
EndProject
Project("{FAE04EC0-301F-11D3-BF4B-00C04F79EFBC}") = "RookiEcom.Modules.Product.Infrastructure", "src\Modules\ProductModule\RookiEcom.Modules.Product.Infrastructure\RookiEcom.Modules.Product.Infrastructure.csproj", "{A19D83F8-F3CD-463E-8F6C-C3B6D85CEDD6}"
EndProject
Project("{FAE04EC0-301F-11D3-BF4B-00C04F79EFBC}") = "RookiEcom.IdentityServer", "src\Hosts\RookiEcom.IdentityServer\RookiEcom.IdentityServer.csproj", "{24709A12-7333-4110-BC12-959F47C00441}"
EndProject
Project("{FAE04EC0-301F-11D3-BF4B-00C04F79EFBC}") = "RookiEcom.FrontStore", "src\Hosts\RookiEcom.FrontStore\RookiEcom.FrontStore.csproj", "{A14AFBAA-6B52-4106-9AFA-A11E51A5BCB5}"
EndProject
Global
	GlobalSection(SolutionConfigurationPlatforms) = preSolution
		Debug|Any CPU = Debug|Any CPU
		Release|Any CPU = Release|Any CPU
	EndGlobalSection
	GlobalSection(NestedProjects) = preSolution
		{0B2DF2DB-18A9-47BA-AC58-E21ABC8DAEA3} = {833E7101-260E-42EF-AD4F-5A868B8DA9AA}
		{345F54A6-A9FA-4604-A205-5A48998E106E} = {833E7101-260E-42EF-AD4F-5A868B8DA9AA}
		{64F33469-7617-406A-905C-4B82AED601A6} = {833E7101-260E-42EF-AD4F-5A868B8DA9AA}
		{EBB6E6A4-C20D-4243-826C-498483C4BF89} = {0B2DF2DB-18A9-47BA-AC58-E21ABC8DAEA3}
		{D66544D0-4222-46B0-A622-9C1AF9A987C4} = {0B2DF2DB-18A9-47BA-AC58-E21ABC8DAEA3}
		{46C487BC-8389-4883-94BE-016564166104} = {0B2DF2DB-18A9-47BA-AC58-E21ABC8DAEA3}
		{14EEA719-FB7F-4F96-BBF3-C2770E37450A} = {64F33469-7617-406A-905C-4B82AED601A6}
		{01F286FA-E020-4699-AE85-9CC065BA935A} = {345F54A6-A9FA-4604-A205-5A48998E106E}
		{55B133A9-476E-46F5-9790-D395A06BF911} = {01F286FA-E020-4699-AE85-9CC065BA935A}
		{FE34A00E-4528-4144-9379-47921FE3CDCE} = {01F286FA-E020-4699-AE85-9CC065BA935A}
		{A19D83F8-F3CD-463E-8F6C-C3B6D85CEDD6} = {01F286FA-E020-4699-AE85-9CC065BA935A}
		{24709A12-7333-4110-BC12-959F47C00441} = {64F33469-7617-406A-905C-4B82AED601A6}
		{A14AFBAA-6B52-4106-9AFA-A11E51A5BCB5} = {64F33469-7617-406A-905C-4B82AED601A6}
	EndGlobalSection
	GlobalSection(ProjectConfigurationPlatforms) = postSolution
		{EBB6E6A4-C20D-4243-826C-498483C4BF89}.Debug|Any CPU.ActiveCfg = Debug|Any CPU
		{EBB6E6A4-C20D-4243-826C-498483C4BF89}.Debug|Any CPU.Build.0 = Debug|Any CPU
		{EBB6E6A4-C20D-4243-826C-498483C4BF89}.Release|Any CPU.ActiveCfg = Release|Any CPU
		{EBB6E6A4-C20D-4243-826C-498483C4BF89}.Release|Any CPU.Build.0 = Release|Any CPU
		{D66544D0-4222-46B0-A622-9C1AF9A987C4}.Debug|Any CPU.ActiveCfg = Debug|Any CPU
		{D66544D0-4222-46B0-A622-9C1AF9A987C4}.Debug|Any CPU.Build.0 = Debug|Any CPU
		{D66544D0-4222-46B0-A622-9C1AF9A987C4}.Release|Any CPU.ActiveCfg = Release|Any CPU
		{D66544D0-4222-46B0-A622-9C1AF9A987C4}.Release|Any CPU.Build.0 = Release|Any CPU
		{46C487BC-8389-4883-94BE-016564166104}.Debug|Any CPU.ActiveCfg = Debug|Any CPU
		{46C487BC-8389-4883-94BE-016564166104}.Debug|Any CPU.Build.0 = Debug|Any CPU
		{46C487BC-8389-4883-94BE-016564166104}.Release|Any CPU.ActiveCfg = Release|Any CPU
		{46C487BC-8389-4883-94BE-016564166104}.Release|Any CPU.Build.0 = Release|Any CPU
		{14EEA719-FB7F-4F96-BBF3-C2770E37450A}.Debug|Any CPU.ActiveCfg = Debug|Any CPU
		{14EEA719-FB7F-4F96-BBF3-C2770E37450A}.Debug|Any CPU.Build.0 = Debug|Any CPU
		{14EEA719-FB7F-4F96-BBF3-C2770E37450A}.Release|Any CPU.ActiveCfg = Release|Any CPU
		{14EEA719-FB7F-4F96-BBF3-C2770E37450A}.Release|Any CPU.Build.0 = Release|Any CPU
		{55B133A9-476E-46F5-9790-D395A06BF911}.Debug|Any CPU.ActiveCfg = Debug|Any CPU
		{55B133A9-476E-46F5-9790-D395A06BF911}.Debug|Any CPU.Build.0 = Debug|Any CPU
		{55B133A9-476E-46F5-9790-D395A06BF911}.Release|Any CPU.ActiveCfg = Release|Any CPU
		{55B133A9-476E-46F5-9790-D395A06BF911}.Release|Any CPU.Build.0 = Release|Any CPU
		{FE34A00E-4528-4144-9379-47921FE3CDCE}.Debug|Any CPU.ActiveCfg = Debug|Any CPU
		{FE34A00E-4528-4144-9379-47921FE3CDCE}.Debug|Any CPU.Build.0 = Debug|Any CPU
		{FE34A00E-4528-4144-9379-47921FE3CDCE}.Release|Any CPU.ActiveCfg = Release|Any CPU
		{FE34A00E-4528-4144-9379-47921FE3CDCE}.Release|Any CPU.Build.0 = Release|Any CPU
		{A19D83F8-F3CD-463E-8F6C-C3B6D85CEDD6}.Debug|Any CPU.ActiveCfg = Debug|Any CPU
		{A19D83F8-F3CD-463E-8F6C-C3B6D85CEDD6}.Debug|Any CPU.Build.0 = Debug|Any CPU
		{A19D83F8-F3CD-463E-8F6C-C3B6D85CEDD6}.Release|Any CPU.ActiveCfg = Release|Any CPU
		{A19D83F8-F3CD-463E-8F6C-C3B6D85CEDD6}.Release|Any CPU.Build.0 = Release|Any CPU
		{24709A12-7333-4110-BC12-959F47C00441}.Debug|Any CPU.ActiveCfg = Debug|Any CPU
		{24709A12-7333-4110-BC12-959F47C00441}.Debug|Any CPU.Build.0 = Debug|Any CPU
		{24709A12-7333-4110-BC12-959F47C00441}.Release|Any CPU.ActiveCfg = Release|Any CPU
		{24709A12-7333-4110-BC12-959F47C00441}.Release|Any CPU.Build.0 = Release|Any CPU
		{A14AFBAA-6B52-4106-9AFA-A11E51A5BCB5}.Debug|Any CPU.ActiveCfg = Debug|Any CPU
		{A14AFBAA-6B52-4106-9AFA-A11E51A5BCB5}.Debug|Any CPU.Build.0 = Debug|Any CPU
		{A14AFBAA-6B52-4106-9AFA-A11E51A5BCB5}.Release|Any CPU.ActiveCfg = Release|Any CPU
		{A14AFBAA-6B52-4106-9AFA-A11E51A5BCB5}.Release|Any CPU.Build.0 = Release|Any CPU
	EndGlobalSection
EndGlobal
